
Microsoft Visual Studio Solution File, Format Version 12.00
# Visual Studio Version 16
VisualStudioVersion = 16.0.29920.165
MinimumVisualStudioVersion = 10.0.40219.1
Project("{FAE04EC0-301F-11D3-BF4B-00C04F79EFBC}") = "InformacionFinanciera", "InformacionFinanciera\InformacionFinanciera.csproj", "{83B7F721-B88E-4495-B79E-C9BBF339DAD3}"
EndProject
Global
	GlobalSection(SolutionConfigurationPlatforms) = preSolution
		Debug|Any CPU = Debug|Any CPU
		Release|Any CPU = Release|Any CPU
	EndGlobalSection
	GlobalSection(ProjectConfigurationPlatforms) = postSolution
		{83B7F721-B88E-4495-B79E-C9BBF339DAD3}.Debug|Any CPU.ActiveCfg = Debug|Any CPU
		{83B7F721-B88E-4495-B79E-C9BBF339DAD3}.Debug|Any CPU.Build.0 = Debug|Any CPU
		{83B7F721-B88E-4495-B79E-C9BBF339DAD3}.Release|Any CPU.ActiveCfg = Release|Any CPU
		{83B7F721-B88E-4495-B79E-C9BBF339DAD3}.Release|Any CPU.Build.0 = Release|Any CPU
	EndGlobalSection
	GlobalSection(SolutionProperties) = preSolution
		HideSolutionNode = FALSE
	EndGlobalSection
	GlobalSection(ExtensibilityGlobals) = postSolution
		SolutionGuid = {8AC14EE9-A092-44AB-AEDD-8D2DC115F1A0}
	EndGlobalSection
EndGlobal
